
Microsoft Visual Studio Solution File, Format Version 12.00
# Visual Studio 15
Project("{FAE04EC0-301F-11D3-BF4B-00C04F79EFBC}") = "Growler", "Growler.csproj", "{BE131415-6EB9-4140-A54F-4316B604FFD3}"
EndProject
Global
	GlobalSection(SolutionConfigurationPlatforms) = preSolution
		Debug|Any CPU = Debug|Any CPU
		Release|Any CPU = Release|Any CPU
	EndGlobalSection
	GlobalSection(ProjectConfigurationPlatforms) = postSolution
		{BE131415-6EB9-4140-A54F-4316B604FFD3}.Debug|Any CPU.ActiveCfg = Debug|Any CPU
		{BE131415-6EB9-4140-A54F-4316B604FFD3}.Debug|Any CPU.Build.0 = Debug|Any CPU
		{BE131415-6EB9-4140-A54F-4316B604FFD3}.Release|Any CPU.ActiveCfg = Release|Any CPU
		{BE131415-6EB9-4140-A54F-4316B604FFD3}.Release|Any CPU.Build.0 = Release|Any CPU
	EndGlobalSection
EndGlobal
